
Microsoft Visual Studio Solution File, Format Version 12.00
# Visual Studio Version 17
VisualStudioVersion = 17.5.33414.496
MinimumVisualStudioVersion = 10.0.40219.1
Project("{FAE04EC0-301F-11D3-BF4B-00C04F79EFBC}") = "N1-RSA", "N1-RSA\N1-RSA.csproj", "{CFDC4F1A-60CD-44BA-A18C-C0CF365E3D24}"
EndProject
Global
	GlobalSection(SolutionConfigurationPlatforms) = preSolution
		Debug|Any CPU = Debug|Any CPU
		Release|Any CPU = Release|Any CPU
	EndGlobalSection
	GlobalSection(ProjectConfigurationPlatforms) = postSolution
		{CFDC4F1A-60CD-44BA-A18C-C0CF365E3D24}.Debug|Any CPU.ActiveCfg = Debug|Any CPU
		{CFDC4F1A-60CD-44BA-A18C-C0CF365E3D24}.Debug|Any CPU.Build.0 = Debug|Any CPU
		{CFDC4F1A-60CD-44BA-A18C-C0CF365E3D24}.Release|Any CPU.ActiveCfg = Release|Any CPU
		{CFDC4F1A-60CD-44BA-A18C-C0CF365E3D24}.Release|Any CPU.Build.0 = Release|Any CPU
	EndGlobalSection
	GlobalSection(SolutionProperties) = preSolution
		HideSolutionNode = FALSE
	EndGlobalSection
	GlobalSection(ExtensibilityGlobals) = postSolution
		SolutionGuid = {EEA988DB-EB9E-4A06-80D8-B225D4841857}
	EndGlobalSection
EndGlobal
